
Microsoft Visual Studio Solution File, Format Version 12.00
# Visual Studio Version 17
VisualStudioVersion = 17.13.35828.75 d17.13
MinimumVisualStudioVersion = 10.0.40219.1
Project("{888888A0-9F3D-457C-B088-3A5042F75D52}") = "AI-for-project", "AI-for-project\AI-for-project.pyproj", "{B7907C39-28FA-45DF-8E1E-53930D9F31F9}"
EndProject
Global
	GlobalSection(SolutionConfigurationPlatforms) = preSolution
		Debug|Any CPU = Debug|Any CPU
		Release|Any CPU = Release|Any CPU
	EndGlobalSection
	GlobalSection(ProjectConfigurationPlatforms) = postSolution
		{B7907C39-28FA-45DF-8E1E-53930D9F31F9}.Debug|Any CPU.ActiveCfg = Debug|Any CPU
		{B7907C39-28FA-45DF-8E1E-53930D9F31F9}.Release|Any CPU.ActiveCfg = Release|Any CPU
	EndGlobalSection
	GlobalSection(SolutionProperties) = preSolution
		HideSolutionNode = FALSE
	EndGlobalSection
	GlobalSection(ExtensibilityGlobals) = postSolution
		SolutionGuid = {0743408D-625D-4D70-B3AE-FBEAF19B3D90}
	EndGlobalSection
EndGlobal
